
Microsoft Visual Studio Solution File, Format Version 12.00
# Visual Studio Version 16
VisualStudioVersion = 16.0.32228.343
MinimumVisualStudioVersion = 10.0.40219.1
Project("{888888A0-9F3D-457C-B088-3A5042F75D52}") = "baekjoon_3190", "baekjoon_3190\baekjoon_3190.pyproj", "{5DBF5ECA-7F42-4DE5-AEBB-ECC67EE4EAB5}"
EndProject
Global
	GlobalSection(SolutionConfigurationPlatforms) = preSolution
		Debug|Any CPU = Debug|Any CPU
		Release|Any CPU = Release|Any CPU
	EndGlobalSection
	GlobalSection(ProjectConfigurationPlatforms) = postSolution
		{5DBF5ECA-7F42-4DE5-AEBB-ECC67EE4EAB5}.Debug|Any CPU.ActiveCfg = Debug|Any CPU
		{5DBF5ECA-7F42-4DE5-AEBB-ECC67EE4EAB5}.Release|Any CPU.ActiveCfg = Release|Any CPU
	EndGlobalSection
	GlobalSection(SolutionProperties) = preSolution
		HideSolutionNode = FALSE
	EndGlobalSection
	GlobalSection(ExtensibilityGlobals) = postSolution
		SolutionGuid = {517207F4-6D65-4B7D-93D6-13778BA7E438}
	EndGlobalSection
EndGlobal
